// !$*UTF8*$!
{
	archiveVersion = 1;
	classes = {
	};
	objectVersion = 50;
	objects = {

/* Begin PBXBuildFile section */
		2EFE9E343B17DA0A2696B4D1 /* BNRItem.m in Sources */ = {isa = PBXBuildFile; fileRef = 2EFE9A911E96E510842FF6FB /* BNRItem.m */; };
		C810F1C521CE2A2A000F0203 /* HeaderVie.xib in Resources */ = {isa = PBXBuildFile; fileRef = C810F1C421CE2A2A000F0203 /* HeaderVie.xib */; };
		C810F1C921CF3769000F0203 /* BNRDetailViewController.m in Sources */ = {isa = PBXBuildFile; fileRef = C810F1C721CF3769000F0203 /* BNRDetailViewController.m */; };
		C810F1CA21CF3769000F0203 /* BNRDetailViewController.xib in Resources */ = {isa = PBXBuildFile; fileRef = C810F1C821CF3769000F0203 /* BNRDetailViewController.xib */; };
		C888987F21CA83E600C97BFA /* AppDelegate.m in Sources */ = {isa = PBXBuildFile; fileRef = C888987E21CA83E600C97BFA /* AppDelegate.m */; };
		C888988521CA83E600C97BFA /* Main.storyboard in Resources */ = {isa = PBXBuildFile; fileRef = C888988321CA83E600C97BFA /* Main.storyboard */; };
		C888988721CA83E700C97BFA /* Assets.xcassets in Resources */ = {isa = PBXBuildFile; fileRef = C888988621CA83E700C97BFA /* Assets.xcassets */; };
		C888988A21CA83E700C97BFA /* LaunchScreen.storyboard in Resources */ = {isa = PBXBuildFile; fileRef = C888988821CA83E700C97BFA /* LaunchScreen.storyboard */; };
		C888988D21CA83E700C97BFA /* main.m in Sources */ = {isa = PBXBuildFile; fileRef = C888988C21CA83E700C97BFA /* main.m */; };
		C888989521CA854300C97BFA /* BNRItemsViewController.m in Sources */ = {isa = PBXBuildFile; fileRef = C888989421CA854300C97BFA /* BNRItemsViewController.m */; };
		C888989821CA899D00C97BFA /* BNRItemStore.m in Sources */ = {isa = PBXBuildFile; fileRef = C888989721CA899D00C97BFA /* BNRItemStore.m */; };
/* End PBXBuildFile section */

/* Begin PBXFileReference section */
		2EFE93447677BDB78BF80E14 /* BNRItem.h */ = {isa = PBXFileReference; fileEncoding = 4; lastKnownFileType = sourcecode.c.h; path = BNRItem.h; sourceTree = "<group>"; };
		2EFE9A911E96E510842FF6FB /* BNRItem.m */ = {isa = PBXFileReference; fileEncoding = 4; lastKnownFileType = sourcecode.c.objc; path = BNRItem.m; sourceTree = "<group>"; };
		C810F1C421CE2A2A000F0203 /* HeaderVie.xib */ = {isa = PBXFileReference; lastKnownFileType = file.xib; path = HeaderVie.xib; sourceTree = "<group>"; };
		C810F1C621CF3769000F0203 /* BNRDetailViewController.h */ = {isa = PBXFileReference; lastKnownFileType = sourcecode.c.h; path = BNRDetailViewController.h; sourceTree = "<group>"; };
		C810F1C721CF3769000F0203 /* BNRDetailViewController.m */ = {isa = PBXFileReference; lastKnownFileType = sourcecode.c.objc; path = BNRDetailViewController.m; sourceTree = "<group>"; };
		C810F1C821CF3769000F0203 /* BNRDetailViewController.xib */ = {isa = PBXFileReference; lastKnownFileType = file.xib; path = BNRDetailViewController.xib; sourceTree = "<group>"; };
		C888987A21CA83E600C97BFA /* 房子着火.app */ = {isa = PBXFileReference; explicitFileType = wrapper.application; includeInIndex = 0; path = "房子着火.app"; sourceTree = BUILT_PRODUCTS_DIR; };
		C888987D21CA83E600C97BFA /* AppDelegate.h */ = {isa = PBXFileReference; lastKnownFileType = sourcecode.c.h; path = AppDelegate.h; sourceTree = "<group>"; };
		C888987E21CA83E600C97BFA /* AppDelegate.m */ = {isa = PBXFileReference; lastKnownFileType = sourcecode.c.objc; path = AppDelegate.m; sourceTree = "<group>"; };
		C888988421CA83E600C97BFA /* Base */ = {isa = PBXFileReference; lastKnownFileType = file.storyboard; name = Base; path = Base.lproj/Main.storyboard; sourceTree = "<group>"; };
		C888988621CA83E700C97BFA /* Assets.xcassets */ = {isa = PBXFileReference; lastKnownFileType = folder.assetcatalog; path = Assets.xcassets; sourceTree = "<group>"; };
		C888988921CA83E700C97BFA /* Base */ = {isa = PBXFileReference; lastKnownFileType = file.storyboard; name = Base; path = Base.lproj/LaunchScreen.storyboard; sourceTree = "<group>"; };
		C888988B21CA83E700C97BFA /* Info.plist */ = {isa = PBXFileReference; lastKnownFileType = text.plist.xml; path = Info.plist; sourceTree = "<group>"; };
		C888988C21CA83E700C97BFA /* main.m */ = {isa = PBXFileReference; lastKnownFileType = sourcecode.c.objc; path = main.m; sourceTree = "<group>"; };
		C888989321CA854300C97BFA /* BNRItemsViewController.h */ = {isa = PBXFileReference; lastKnownFileType = sourcecode.c.h; path = BNRItemsViewController.h; sourceTree = "<group>"; };
		C888989421CA854300C97BFA /* BNRItemsViewController.m */ = {isa = PBXFileReference; lastKnownFileType = sourcecode.c.objc; path = BNRItemsViewController.m; sourceTree = "<group>"; };
		C888989621CA899D00C97BFA /* BNRItemStore.h */ = {isa = PBXFileReference; lastKnownFileType = sourcecode.c.h; path = BNRItemStore.h; sourceTree = "<group>"; };
		C888989721CA899D00C97BFA /* BNRItemStore.m */ = {isa = PBXFileReference; lastKnownFileType = sourcecode.c.objc; path = BNRItemStore.m; sourceTree = "<group>"; };
/* End PBXFileReference section */

/* Begin PBXFrameworksBuildPhase section */
		C888987721CA83E600C97BFA /* Frameworks */ = {
			isa = PBXFrameworksBuildPhase;
			buildActionMask = 2147483647;
			files = (
			);
			runOnlyForDeploymentPostprocessing = 0;
		};
/* End PBXFrameworksBuildPhase section */

/* Begin PBXGroup section */
		C810F1C321CE29E7000F0203 /* UI */ = {
			isa = PBXGroup;
			children = (
				C810F1C421CE2A2A000F0203 /* HeaderVie.xib */,
				C810F1C821CF3769000F0203 /* BNRDetailViewController.xib */,
			);
			path = UI;
			sourceTree = "<group>";
		};
		C810F1CB21CF377C000F0203 /* UI Controller */ = {
			isa = PBXGroup;
			children = (
				C810F1C621CF3769000F0203 /* BNRDetailViewController.h */,
				C810F1C721CF3769000F0203 /* BNRDetailViewController.m */,
				C888989321CA854300C97BFA /* BNRItemsViewController.h */,
				C888989421CA854300C97BFA /* BNRItemsViewController.m */,
			);
			path = "UI Controller";
			sourceTree = "<group>";
		};
		C888987121CA83E600C97BFA = {
			isa = PBXGroup;
			children = (
				C888987C21CA83E600C97BFA /* 房子着火 */,
				C888987B21CA83E600C97BFA /* Products */,
			);
			sourceTree = "<group>";
		};
		C888987B21CA83E600C97BFA /* Products */ = {
			isa = PBXGroup;
			children = (
				C888987A21CA83E600C97BFA /* 房子着火.app */,
			);
			name = Products;
			sourceTree = "<group>";
		};
		C888987C21CA83E600C97BFA /* 房子着火 */ = {
			isa = PBXGroup;
			children = (
				C810F1CB21CF377C000F0203 /* UI Controller */,
				C810F1C321CE29E7000F0203 /* UI */,
				C888987D21CA83E600C97BFA /* AppDelegate.h */,
				C888987E21CA83E600C97BFA /* AppDelegate.m */,
				C888988321CA83E600C97BFA /* Main.storyboard */,
				C888988621CA83E700C97BFA /* Assets.xcassets */,
				C888988821CA83E700C97BFA /* LaunchScreen.storyboard */,
				C888988B21CA83E700C97BFA /* Info.plist */,
				C888988C21CA83E700C97BFA /* main.m */,
				2EFE9A911E96E510842FF6FB /* BNRItem.m */,
				2EFE93447677BDB78BF80E14 /* BNRItem.h */,
				C888989621CA899D00C97BFA /* BNRItemStore.h */,
				C888989721CA899D00C97BFA /* BNRItemStore.m */,
			);
			path = "房子着火";
			sourceTree = "<group>";
		};
/* End PBXGroup section */

/* Begin PBXNativeTarget section */
		C888987921CA83E600C97BFA /* 房子着火 */ = {
			isa = PBXNativeTarget;
			buildConfigurationList = C888989021CA83E700C97BFA /* Build configuration list for PBXNativeTarget "房子着火" */;
			buildPhases = (
				C888987621CA83E600C97BFA /* Sources */,
				C888987721CA83E600C97BFA /* Frameworks */,
				C888987821CA83E600C97BFA /* Resources */,
			);
			buildRules = (
			);
			dependencies = (
			);
			name = "房子着火";
			productName = "房子着火";
			productReference = C888987A21CA83E600C97BFA /* 房子着火.app */;
			productType = "com.apple.product-type.application";
		};
/* End PBXNativeTarget section */

/* Begin PBXProject section */
		C888987221CA83E600C97BFA /* Project object */ = {
			isa = PBXProject;
			attributes = {
				CLASSPREFIX = BNR;
				LastUpgradeCheck = 1010;
				ORGANIZATIONNAME = "杜...";
				TargetAttributes = {
					C888987921CA83E600C97BFA = {
						CreatedOnToolsVersion = 10.1;
					};
				};
			};
			buildConfigurationList = C888987521CA83E600C97BFA /* Build configuration list for PBXProject "房子着火" */;
			compatibilityVersion = "Xcode 9.3";
			developmentRegion = en;
			hasScannedForEncodings = 0;
			knownRegions = (
				en,
				Base,
			);
			mainGroup = C888987121CA83E600C97BFA;
			productRefGroup = C888987B21CA83E600C97BFA /* Products */;
			projectDirPath = "";
			projectRoot = "";
			targets = (
				C888987921CA83E600C97BFA /* 房子着火 */,
			);
		};
/* End PBXProject section */

/* Begin PBXResourcesBuildPhase section */
		C888987821CA83E600C97BFA /* Resources */ = {
			isa = PBXResourcesBuildPhase;
			buildActionMask = 2147483647;
			files = (
				C888988A21CA83E700C97BFA /* LaunchScreen.storyboard in Resources */,
				C888988721CA83E700C97BFA /* Assets.xcassets in Resources */,
				C888988521CA83E600C97BFA /* Main.storyboard in Resources */,
				C810F1C521CE2A2A000F0203 /* HeaderVie.xib in Resources */,
				C810F1CA21CF3769000F0203 /* BNRDetailViewController.xib in Resources */,
			);
			runOnlyForDeploymentPostprocessing = 0;
		};
/* End PBXResourcesBuildPhase section */

/* Begin PBXSourcesBuildPhase section */
		C888987621CA83E600C97BFA /* Sources */ = {
			isa = PBXSourcesBuildPhase;
			buildActionMask = 2147483647;
			files = (
				C810F1C921CF3769000F0203 /* BNRDetailViewController.m in Sources */,
				C888989821CA899D00C97BFA /* BNRItemStore.m in Sources */,
				C888989521CA854300C97BFA /* BNRItemsViewController.m in Sources */,
				C888988D21CA83E700C97BFA /* main.m in Sources */,
				C888987F21CA83E600C97BFA /* AppDelegate.m in Sources */,
				2EFE9E343B17DA0A2696B4D1 /* BNRItem.m in Sources */,
			);
			runOnlyForDeploymentPostprocessing = 0;
		};
/* End PBXSourcesBuildPhase section */

/* Begin PBXVariantGroup section */
		C888988321CA83E600C97BFA /* Main.storyboard */ = {
			isa = PBXVariantGroup;
			children = (
				C888988421CA83E600C97BFA /* Base */,
			);
			name = Main.storyboard;
			sourceTree = "<group>";
		};
		C888988821CA83E700C97BFA /* LaunchScreen.storyboard */ = {
			isa = PBXVariantGroup;
			children = (
				C888988921CA83E700C97BFA /* Base */,
			);
			name = LaunchScreen.storyboard;
			sourceTree = "<group>";
		};
/* End PBXVariantGroup section */

/* Begin XCBuildConfiguration section */
		C888988E21CA83E700C97BFA /* Debug */ = {
			isa = XCBuildConfiguration;
			buildSettings = {
				ALWAYS_SEARCH_USER_PATHS = NO;
				CLANG_ANALYZER_NONNULL = YES;
				CLANG_ANALYZER_NUMBER_OBJECT_CONVERSION = YES_AGGRESSIVE;
				CLANG_CXX_LANGUAGE_STANDARD = "gnu++14";
				CLANG_CXX_LIBRARY = "libc++";
				CLANG_ENABLE_MODULES = YES;
				CLANG_ENABLE_OBJC_ARC = YES;
				CLANG_ENABLE_OBJC_WEAK = YES;
				CLANG_WARN_BLOCK_CAPTURE_AUTORELEASING = YES;
				CLANG_WARN_BOOL_CONVERSION = YES;
				CLANG_WARN_COMMA = YES;
				CLANG_WARN_CONSTANT_CONVERSION = YES;
				CLANG_WARN_DEPRECATED_OBJC_IMPLEMENTATIONS = YES;
				CLANG_WARN_DIRECT_OBJC_ISA_USAGE = YES_ERROR;
				CLANG_WARN_DOCUMENTATION_COMMENTS = YES;
				CLANG_WARN_EMPTY_BODY = YES;
				CLANG_WARN_ENUM_CONVERSION = YES;
				CLANG_WARN_INFINITE_RECURSION = YES;
				CLANG_WARN_INT_CONVERSION = YES;
				CLANG_WARN_NON_LITERAL_NULL_CONVERSION = YES;
				CLANG_WARN_OBJC_IMPLICIT_RETAIN_SELF = YES;
				CLANG_WARN_OBJC_LITERAL_CONVERSION = YES;
				CLANG_WARN_OBJC_ROOT_CLASS = YES_ERROR;
				CLANG_WARN_RANGE_LOOP_ANALYSIS = YES;
				CLANG_WARN_STRICT_PROTOTYPES = YES;
				CLANG_WARN_SUSPICIOUS_MOVE = YES;
				CLANG_WARN_UNGUARDED_AVAILABILITY = YES_AGGRESSIVE;
				CLANG_WARN_UNREACHABLE_CODE = YES;
				CLANG_WARN__DUPLICATE_METHOD_MATCH = YES;
				CODE_SIGN_IDENTITY = "iPhone Developer";
				COPY_PHASE_STRIP = NO;
				DEBUG_INFORMATION_FORMAT = dwarf;
				ENABLE_STRICT_OBJC_MSGSEND = YES;
				ENABLE_TESTABILITY = YES;
				GCC_C_LANGUAGE_STANDARD = gnu11;
				GCC_DYNAMIC_NO_PIC = NO;
				GCC_NO_COMMON_BLOCKS = YES;
				GCC_OPTIMIZATION_LEVEL = 0;
				GCC_PREPROCESSOR_DEFINITIONS = (
					"DEBUG=1",
					"$(inherited)",
				);
				GCC_WARN_64_TO_32_BIT_CONVERSION = YES;
				GCC_WARN_ABOUT_RETURN_TYPE = YES_ERROR;
				GCC_WARN_UNDECLARED_SELECTOR = YES;
				GCC_WARN_UNINITIALIZED_AUTOS = YES_AGGRESSIVE;
				GCC_WARN_UNUSED_FUNCTION = YES;
				GCC_WARN_UNUSED_VARIABLE = YES;
				IPHONEOS_DEPLOYMENT_TARGET = 12.1;
				MTL_ENABLE_DEBUG_INFO = INCLUDE_SOURCE;
				MTL_FAST_MATH = YES;
				ONLY_ACTIVE_ARCH = YES;
				SDKROOT = iphoneos;
			};
			name = Debug;
		};
		C888988F21CA83E700C97BFA /* Release */ = {
			isa = XCBuildConfiguration;
			buildSettings = {
				ALWAYS_SEARCH_USER_PATHS = NO;
				CLANG_ANALYZER_NONNULL = YES;
				CLANG_ANALYZER_NUMBER_OBJECT_CONVERSION = YES_AGGRESSIVE;
				CLANG_CXX_LANGUAGE_STANDARD = "gnu++14";
				CLANG_CXX_LIBRARY = "libc++";
				CLANG_ENABLE_MODULES = YES;
				CLANG_ENABLE_OBJC_ARC = YES;
				CLANG_ENABLE_OBJC_WEAK = YES;
				CLANG_WARN_BLOCK_CAPTURE_AUTORELEASING = YES;
				CLANG_WARN_BOOL_CONVERSION = YES;
				CLANG_WARN_COMMA = YES;
				CLANG_WARN_CONSTANT_CONVERSION = YES;
				CLANG_WARN_DEPRECATED_OBJC_IMPLEMENTATIONS = YES;
				CLANG_WARN_DIRECT_OBJC_ISA_USAGE = YES_ERROR;
				CLANG_WARN_DOCUMENTATION_COMMENTS = YES;
				CLANG_WARN_EMPTY_BODY = YES;
				CLANG_WARN_ENUM_CONVERSION = YES;
				CLANG_WARN_INFINITE_RECURSION = YES;
				CLANG_WARN_INT_CONVERSION = YES;
				CLANG_WARN_NON_LITERAL_NULL_CONVERSION = YES;
				CLANG_WARN_OBJC_IMPLICIT_RETAIN_SELF = YES;
				CLANG_WARN_OBJC_LITERAL_CONVERSION = YES;
				CLANG_WARN_OBJC_ROOT_CLASS = YES_ERROR;
				CLANG_WARN_RANGE_LOOP_ANALYSIS = YES;
				CLANG_WARN_STRICT_PROTOTYPES = YES;
				CLANG_WARN_SUSPICIOUS_MOVE = YES;
				CLANG_WARN_UNGUARDED_AVAILABILITY = YES_AGGRESSIVE;
				CLANG_WARN_UNREACHABLE_CODE = YES;
				CLANG_WARN__DUPLICATE_METHOD_MATCH = YES;
				CODE_SIGN_IDENTITY = "iPhone Developer";
				COPY_PHASE_STRIP = NO;
				DEBUG_INFORMATION_FORMAT = "dwarf-with-dsym";
				ENABLE_NS_ASSERTIONS = NO;
				ENABLE_STRICT_OBJC_MSGSEND = YES;
				GCC_C_LANGUAGE_STANDARD = gnu11;
				GCC_NO_COMMON_BLOCKS = YES;
				GCC_WARN_64_TO_32_BIT_CONVERSION = YES;
				GCC_WARN_ABOUT_RETURN_TYPE = YES_ERROR;
				GCC_WARN_UNDECLARED_SELECTOR = YES;
				GCC_WARN_UNINITIALIZED_AUTOS = YES_AGGRESSIVE;
				GCC_WARN_UNUSED_FUNCTION = YES;
				GCC_WARN_UNUSED_VARIABLE = YES;
				IPHONEOS_DEPLOYMENT_TARGET = 12.1;
				MTL_ENABLE_DEBUG_INFO = NO;
				MTL_FAST_MATH = YES;
				SDKROOT = iphoneos;
				VALIDATE_PRODUCT = YES;
			};
			name = Release;
		};
		C888989121CA83E700C97BFA /* Debug */ = {
			isa = XCBuildConfiguration;
			buildSettings = {
				ASSETCATALOG_COMPILER_APPICON_NAME = AppIcon;
				CODE_SIGN_STYLE = Automatic;
				DEVELOPMENT_TEAM = 9EMX3MM8QU;
				INFOPLIST_FILE = "房子着火/Info.plist";
				LD_RUNPATH_SEARCH_PATHS = (
					"$(inherited)",
					"@executable_path/Frameworks",
				);
				PRODUCT_BUNDLE_IDENTIFIER = "com.desg.----";
				PRODUCT_NAME = "$(TARGET_NAME)";
				TARGETED_DEVICE_FAMILY = "1,2";
			};
			name = Debug;
		};
		C888989221CA83E700C97BFA /* Release */ = {
			isa = XCBuildConfiguration;
			buildSettings = {
				ASSETCATALOG_COMPILER_APPICON_NAME = AppIcon;
				CODE_SIGN_STYLE = Automatic;
				DEVELOPMENT_TEAM = 9EMX3MM8QU;
				INFOPLIST_FILE = "房子着火/Info.plist";
				LD_RUNPATH_SEARCH_PATHS = (
					"$(inherited)",
					"@executable_path/Frameworks",
				);
				PRODUCT_BUNDLE_IDENTIFIER = "com.desg.----";
				PRODUCT_NAME = "$(TARGET_NAME)";
				TARGETED_DEVICE_FAMILY = "1,2";
			};
			name = Release;
		};
/* End XCBuildConfiguration section */

/* Begin XCConfigurationList section */
		C888987521CA83E600C97BFA /* Build configuration list for PBXProject "房子着火" */ = {
			isa = XCConfigurationList;
			buildConfigurations = (
				C888988E21CA83E700C97BFA /* Debug */,
				C888988F21CA83E700C97BFA /* Release */,
			);
			defaultConfigurationIsVisible = 0;
			defaultConfigurationName = Release;
		};
		C888989021CA83E700C97BFA /* Build configuration list for PBXNativeTarget "房子着火" */ = {
			isa = XCConfigurationList;
			buildConfigurations = (
				C888989121CA83E700C97BFA /* Debug */,
				C888989221CA83E700C97BFA /* Release */,
			);
			defaultConfigurationIsVisible = 0;
			defaultConfigurationName = Release;
		};
/* End XCConfigurationList section */
	};
	rootObject = C888987221CA83E600C97BFA /* Project object */;
}
