<?xml version="1.0" encoding="UTF-8"?>
<Scheme
   version = "1.3">
   <BuildAction>
      <BuildActionEntries>
         <BuildActionEntry
            buildForRunning = "YES">
            <BuildableReference
               BuildableIdentifier = "primary"
               BlueprintIdentifier = "2EFE915CAE2C5465D83CE13A"
               BuildableName = "&#20652;&#30496;&#22120;.app"
               BlueprintName = "&#20652;&#30496;&#22120;"
               ReferencedContainer = "container:&#20652;&#30496;&#22120;.xcodeproj">
            </BuildableReference>
         </BuildActionEntry>
      </BuildActionEntries>
   </BuildAction>
   <LaunchAction
      useCustomWorkingDirectory = "NO"
      buildConfiguration = "Debug"
      allowLocationSimulation = "YES">
      <BuildableProductRunnable>
         <BuildableReference
            BuildableIdentifier = "primary"
            BlueprintIdentifier = "2EFE915CAE2C5465D83CE13A"
            BuildableName = "&#20652;&#30496;&#22120;.app"
            BlueprintName = "&#20652;&#30496;&#22120;"
            ReferencedContainer = "container:&#20652;&#30496;&#22120;.xcodeproj">
         </BuildableReference>
      </BuildableProductRunnable>
   </LaunchAction>
</Scheme>
